<?xml version="1.0" encoding="utf-8"?>
<Project ToolsVersion="4.0" xmlns="http://schemas.microsoft.com/developer/msbuild/2003">
  <ItemGroup>
    <Filter Include="Source Files">
      <UniqueIdentifier>{63674336-71da-4284-86a4-7487eeb18369}</UniqueIdentifier>
      <Extensions>cpp;c;cxx;rc;def;r;odl;idl;hpj;bat</Extensions>
    </Filter>
    <Filter Include="Header Files">
      <UniqueIdentifier>{368ccd64-9e4c-46a1-be69-8402326e1cc3}</UniqueIdentifier>
      <Extensions>h;hpp;hxx;hm;inl</Extensions>
    </Filter>
    <Filter Include="Resource Files">
      <UniqueIdentifier>{dd375999-5f33-403b-9781-c51b2cb2dd41}</UniqueIdentifier>
      <Extensions>ico;cur;bmp;dlg;rc2;rct;bin;rgs;gif;jpg;jpeg;jpe</Extensions>
    </Filter>
  </ItemGroup>
  <ItemGroup>
    <ClCompile Include="..\Common\avihelper.cpp">
      <Filter>Source Files</Filter>
    </ClCompile>
    <ClCompile Include="..\Common\aviwrapper.cpp">
      <Filter>Source Files</Filter>
    </ClCompile>
    <ClCompile Include="SequenceCapture.cpp">
      <Filter>Source Files</Filter>
    </ClCompile>
  </ItemGroup>
  <ItemGroup>
    <ClInclude Include="..\Common\aviexception.h">
      <Filter>Header Files</Filter>
    </ClInclude>
    <ClInclude Include="..\Common\avihelper.h">
      <Filter>Header Files</Filter>
    </ClInclude>
    <ClInclude Include="..\Common\aviwrapper.h">
      <Filter>Header Files</Filter>
    </ClInclude>
  </ItemGroup>
</Project>